
Microsoft Visual Studio Solution File, Format Version 12.00
# Visual Studio Version 16
VisualStudioVersion = 16.0.29318.209
MinimumVisualStudioVersion = 10.0.40219.1
Project("{9A19103F-16F7-4668-BE54-9A1E7A4F7556}") = "IntrinsicsGenerator", "IntrinsicsGenerator\IntrinsicsGenerator.csproj", "{23C7C9B6-43DD-4621-AE33-9AD8A2DABFB7}"
EndProject
Project("{FAE04EC0-301F-11D3-BF4B-00C04F79EFBC}") = "IntrinsicsPrototyping", "IntrinsicsPrototyping\IntrinsicsPrototyping.csproj", "{6AFBAD9F-CB79-459D-8F24-6B79FCC68E07}"
EndProject
Project("{2150E333-8FDC-42A3-9474-1A3956D46DE8}") = "SolutionItems", "SolutionItems", "{52A3B903-DCB7-439D-A4E8-9FA934FCA60D}"
	ProjectSection(SolutionItems) = preProject
		README.md = README.md
	EndProjectSection
EndProject
Global
	GlobalSection(SolutionConfigurationPlatforms) = preSolution
		Debug|Any CPU = Debug|Any CPU
		Release|Any CPU = Release|Any CPU
	EndGlobalSection
	GlobalSection(ProjectConfigurationPlatforms) = postSolution
		{23C7C9B6-43DD-4621-AE33-9AD8A2DABFB7}.Debug|Any CPU.ActiveCfg = Debug|Any CPU
		{23C7C9B6-43DD-4621-AE33-9AD8A2DABFB7}.Debug|Any CPU.Build.0 = Debug|Any CPU
		{23C7C9B6-43DD-4621-AE33-9AD8A2DABFB7}.Release|Any CPU.ActiveCfg = Release|Any CPU
		{23C7C9B6-43DD-4621-AE33-9AD8A2DABFB7}.Release|Any CPU.Build.0 = Release|Any CPU
		{6AFBAD9F-CB79-459D-8F24-6B79FCC68E07}.Debug|Any CPU.ActiveCfg = Debug|Any CPU
		{6AFBAD9F-CB79-459D-8F24-6B79FCC68E07}.Debug|Any CPU.Build.0 = Debug|Any CPU
		{6AFBAD9F-CB79-459D-8F24-6B79FCC68E07}.Release|Any CPU.ActiveCfg = Release|Any CPU
		{6AFBAD9F-CB79-459D-8F24-6B79FCC68E07}.Release|Any CPU.Build.0 = Release|Any CPU
	EndGlobalSection
	GlobalSection(SolutionProperties) = preSolution
		HideSolutionNode = FALSE
	EndGlobalSection
	GlobalSection(ExtensibilityGlobals) = postSolution
		SolutionGuid = {79FE6E41-4ED3-416C-97F3-F53B56000B5F}
	EndGlobalSection
EndGlobal
